// !$*UTF8*$!
{
	archiveVersion = 1;
	classes = {
	};
	objectVersion = 55;
	objects = {

/* Begin PBXBuildFile section */
		70B8984F2781CC160033E2B6 /* VIPAuthApi.docc in Sources */ = {isa = PBXBuildFile; fileRef = 70B8984E2781CC160033E2B6 /* VIPAuthApi.docc */; };
		70B898552781CC160033E2B6 /* VIPAuthApi.framework in Frameworks */ = {isa = PBXBuildFile; fileRef = 70B8984A2781CC160033E2B6 /* VIPAuthApi.framework */; };
		70B8985A2781CC160033E2B6 /* VIPAuthApiTests.swift in Sources */ = {isa = PBXBuildFile; fileRef = 70B898592781CC160033E2B6 /* VIPAuthApiTests.swift */; };
		70B8985B2781CC160033E2B6 /* VIPAuthApi.h in Headers */ = {isa = PBXBuildFile; fileRef = 70B8984D2781CC160033E2B6 /* VIPAuthApi.h */; settings = {ATTRIBUTES = (Public, ); }; };
		70B899E52781D8650033E2B6 /* AuthProducts.swift in Sources */ = {isa = PBXBuildFile; fileRef = 70B899E42781D8650033E2B6 /* AuthProducts.swift */; };
		8C2D66A29582708BA483BCFD /* Pods_VIPAuthApi.framework in Frameworks */ = {isa = PBXBuildFile; fileRef = 69C917C080EC38E06CAA7654 /* Pods_VIPAuthApi.framework */; };
/* End PBXBuildFile section */

/* Begin PBXContainerItemProxy section */
		70B898562781CC160033E2B6 /* PBXContainerItemProxy */ = {
			isa = PBXContainerItemProxy;
			containerPortal = 70B898412781CC160033E2B6 /* Project object */;
			proxyType = 1;
			remoteGlobalIDString = 70B898492781CC160033E2B6;
			remoteInfo = VIPAuthApi;
		};
/* End PBXContainerItemProxy section */

/* Begin PBXFileReference section */
		69C917C080EC38E06CAA7654 /* Pods_VIPAuthApi.framework */ = {isa = PBXFileReference; explicitFileType = wrapper.framework; includeInIndex = 0; path = Pods_VIPAuthApi.framework; sourceTree = BUILT_PRODUCTS_DIR; };
		70B8984A2781CC160033E2B6 /* VIPAuthApi.framework */ = {isa = PBXFileReference; explicitFileType = wrapper.framework; includeInIndex = 0; path = VIPAuthApi.framework; sourceTree = BUILT_PRODUCTS_DIR; };
		70B8984D2781CC160033E2B6 /* VIPAuthApi.h */ = {isa = PBXFileReference; lastKnownFileType = sourcecode.c.h; path = VIPAuthApi.h; sourceTree = "<group>"; };
		70B8984E2781CC160033E2B6 /* VIPAuthApi.docc */ = {isa = PBXFileReference; lastKnownFileType = folder.documentationcatalog; path = VIPAuthApi.docc; sourceTree = "<group>"; };
		70B898542781CC160033E2B6 /* VIPAuthApiTests.xctest */ = {isa = PBXFileReference; explicitFileType = wrapper.cfbundle; includeInIndex = 0; path = VIPAuthApiTests.xctest; sourceTree = BUILT_PRODUCTS_DIR; };
		70B898592781CC160033E2B6 /* VIPAuthApiTests.swift */ = {isa = PBXFileReference; lastKnownFileType = sourcecode.swift; path = VIPAuthApiTests.swift; sourceTree = "<group>"; };
		70B899E42781D8650033E2B6 /* AuthProducts.swift */ = {isa = PBXFileReference; lastKnownFileType = sourcecode.swift; path = AuthProducts.swift; sourceTree = "<group>"; };
		82E78B1EFD5F9B13A6DCAA6A /* Pods-VIPAuthApi.debug.xcconfig */ = {isa = PBXFileReference; includeInIndex = 1; lastKnownFileType = text.xcconfig; name = "Pods-VIPAuthApi.debug.xcconfig"; path = "Target Support Files/Pods-VIPAuthApi/Pods-VIPAuthApi.debug.xcconfig"; sourceTree = "<group>"; };
		BE7555986FA6A4A07F9336C9 /* Pods-VIPAuthApi.release.xcconfig */ = {isa = PBXFileReference; includeInIndex = 1; lastKnownFileType = text.xcconfig; name = "Pods-VIPAuthApi.release.xcconfig"; path = "Target Support Files/Pods-VIPAuthApi/Pods-VIPAuthApi.release.xcconfig"; sourceTree = "<group>"; };
/* End PBXFileReference section */

/* Begin PBXFrameworksBuildPhase section */
		70B898472781CC160033E2B6 /* Frameworks */ = {
			isa = PBXFrameworksBuildPhase;
			buildActionMask = 2147483647;
			files = (
				8C2D66A29582708BA483BCFD /* Pods_VIPAuthApi.framework in Frameworks */,
			);
			runOnlyForDeploymentPostprocessing = 0;
		};
		70B898512781CC160033E2B6 /* Frameworks */ = {
			isa = PBXFrameworksBuildPhase;
			buildActionMask = 2147483647;
			files = (
				70B898552781CC160033E2B6 /* VIPAuthApi.framework in Frameworks */,
			);
			runOnlyForDeploymentPostprocessing = 0;
		};
/* End PBXFrameworksBuildPhase section */

/* Begin PBXGroup section */
		70B898402781CC160033E2B6 = {
			isa = PBXGroup;
			children = (
				70B8984C2781CC160033E2B6 /* VIPAuthApi */,
				70B898582781CC160033E2B6 /* VIPAuthApiTests */,
				70B8984B2781CC160033E2B6 /* Products */,
				AFB181B3FCC97AC37E37577A /* Pods */,
				D3B65664A98914F28855161C /* Frameworks */,
			);
			sourceTree = "<group>";
		};
		70B8984B2781CC160033E2B6 /* Products */ = {
			isa = PBXGroup;
			children = (
				70B8984A2781CC160033E2B6 /* VIPAuthApi.framework */,
				70B898542781CC160033E2B6 /* VIPAuthApiTests.xctest */,
			);
			name = Products;
			sourceTree = "<group>";
		};
		70B8984C2781CC160033E2B6 /* VIPAuthApi */ = {
			isa = PBXGroup;
			children = (
				70B899E32781D8420033E2B6 /* Classes */,
				70B8984D2781CC160033E2B6 /* VIPAuthApi.h */,
				70B8984E2781CC160033E2B6 /* VIPAuthApi.docc */,
			);
			path = VIPAuthApi;
			sourceTree = "<group>";
		};
		70B898582781CC160033E2B6 /* VIPAuthApiTests */ = {
			isa = PBXGroup;
			children = (
				70B898592781CC160033E2B6 /* VIPAuthApiTests.swift */,
			);
			path = VIPAuthApiTests;
			sourceTree = "<group>";
		};
		70B899E32781D8420033E2B6 /* Classes */ = {
			isa = PBXGroup;
			children = (
				70B899E42781D8650033E2B6 /* AuthProducts.swift */,
			);
			path = Classes;
			sourceTree = "<group>";
		};
		AFB181B3FCC97AC37E37577A /* Pods */ = {
			isa = PBXGroup;
			children = (
				82E78B1EFD5F9B13A6DCAA6A /* Pods-VIPAuthApi.debug.xcconfig */,
				BE7555986FA6A4A07F9336C9 /* Pods-VIPAuthApi.release.xcconfig */,
			);
			name = Pods;
			path = ../../Pods;
			sourceTree = "<group>";
		};
		D3B65664A98914F28855161C /* Frameworks */ = {
			isa = PBXGroup;
			children = (
				69C917C080EC38E06CAA7654 /* Pods_VIPAuthApi.framework */,
			);
			name = Frameworks;
			sourceTree = "<group>";
		};
/* End PBXGroup section */

/* Begin PBXHeadersBuildPhase section */
		70B898452781CC160033E2B6 /* Headers */ = {
			isa = PBXHeadersBuildPhase;
			buildActionMask = 2147483647;
			files = (
				70B8985B2781CC160033E2B6 /* VIPAuthApi.h in Headers */,
			);
			runOnlyForDeploymentPostprocessing = 0;
		};
/* End PBXHeadersBuildPhase section */

/* Begin PBXNativeTarget section */
		70B898492781CC160033E2B6 /* VIPAuthApi */ = {
			isa = PBXNativeTarget;
			buildConfigurationList = 70B8985E2781CC160033E2B6 /* Build configuration list for PBXNativeTarget "VIPAuthApi" */;
			buildPhases = (
				F58182D3AA63F2F12D932E56 /* [CP] Check Pods Manifest.lock */,
				70B898452781CC160033E2B6 /* Headers */,
				70B898462781CC160033E2B6 /* Sources */,
				70B898472781CC160033E2B6 /* Frameworks */,
				70B898482781CC160033E2B6 /* Resources */,
			);
			buildRules = (
			);
			dependencies = (
			);
			name = VIPAuthApi;
			productName = VIPAuthApi;
			productReference = 70B8984A2781CC160033E2B6 /* VIPAuthApi.framework */;
			productType = "com.apple.product-type.framework";
		};
		70B898532781CC160033E2B6 /* VIPAuthApiTests */ = {
			isa = PBXNativeTarget;
			buildConfigurationList = 70B898612781CC160033E2B6 /* Build configuration list for PBXNativeTarget "VIPAuthApiTests" */;
			buildPhases = (
				70B898502781CC160033E2B6 /* Sources */,
				70B898512781CC160033E2B6 /* Frameworks */,
				70B898522781CC160033E2B6 /* Resources */,
			);
			buildRules = (
			);
			dependencies = (
				70B898572781CC160033E2B6 /* PBXTargetDependency */,
			);
			name = VIPAuthApiTests;
			productName = VIPAuthApiTests;
			productReference = 70B898542781CC160033E2B6 /* VIPAuthApiTests.xctest */;
			productType = "com.apple.product-type.bundle.unit-test";
		};
/* End PBXNativeTarget section */

/* Begin PBXProject section */
		70B898412781CC160033E2B6 /* Project object */ = {
			isa = PBXProject;
			attributes = {
				BuildIndependentTargetsInParallel = 1;
				LastSwiftUpdateCheck = 1320;
				LastUpgradeCheck = 1320;
				TargetAttributes = {
					70B898492781CC160033E2B6 = {
						CreatedOnToolsVersion = 13.2.1;
					};
					70B898532781CC160033E2B6 = {
						CreatedOnToolsVersion = 13.2.1;
					};
				};
			};
			buildConfigurationList = 70B898442781CC160033E2B6 /* Build configuration list for PBXProject "VIPAuthApi" */;
			compatibilityVersion = "Xcode 13.0";
			developmentRegion = en;
			hasScannedForEncodings = 0;
			knownRegions = (
				en,
				Base,
			);
			mainGroup = 70B898402781CC160033E2B6;
			productRefGroup = 70B8984B2781CC160033E2B6 /* Products */;
			projectDirPath = "";
			projectRoot = "";
			targets = (
				70B898492781CC160033E2B6 /* VIPAuthApi */,
				70B898532781CC160033E2B6 /* VIPAuthApiTests */,
			);
		};
/* End PBXProject section */

/* Begin PBXResourcesBuildPhase section */
		70B898482781CC160033E2B6 /* Resources */ = {
			isa = PBXResourcesBuildPhase;
			buildActionMask = 2147483647;
			files = (
			);
			runOnlyForDeploymentPostprocessing = 0;
		};
		70B898522781CC160033E2B6 /* Resources */ = {
			isa = PBXResourcesBuildPhase;
			buildActionMask = 2147483647;
			files = (
			);
			runOnlyForDeploymentPostprocessing = 0;
		};
/* End PBXResourcesBuildPhase section */

/* Begin PBXShellScriptBuildPhase section */
		F58182D3AA63F2F12D932E56 /* [CP] Check Pods Manifest.lock */ = {
			isa = PBXShellScriptBuildPhase;
			buildActionMask = 2147483647;
			files = (
			);
			inputFileListPaths = (
			);
			inputPaths = (
				"${PODS_PODFILE_DIR_PATH}/Podfile.lock",
				"${PODS_ROOT}/Manifest.lock",
			);
			name = "[CP] Check Pods Manifest.lock";
			outputFileListPaths = (
			);
			outputPaths = (
				"$(DERIVED_FILE_DIR)/Pods-VIPAuthApi-checkManifestLockResult.txt",
			);
			runOnlyForDeploymentPostprocessing = 0;
			shellPath = /bin/sh;
			shellScript = "diff \"${PODS_PODFILE_DIR_PATH}/Podfile.lock\" \"${PODS_ROOT}/Manifest.lock\" > /dev/null\nif [ $? != 0 ] ; then\n    # print error to STDERR\n    echo \"error: The sandbox is not in sync with the Podfile.lock. Run 'pod install' or update your CocoaPods installation.\" >&2\n    exit 1\nfi\n# This output is used by Xcode 'outputs' to avoid re-running this script phase.\necho \"SUCCESS\" > \"${SCRIPT_OUTPUT_FILE_0}\"\n";
			showEnvVarsInLog = 0;
		};
/* End PBXShellScriptBuildPhase section */

/* Begin PBXSourcesBuildPhase section */
		70B898462781CC160033E2B6 /* Sources */ = {
			isa = PBXSourcesBuildPhase;
			buildActionMask = 2147483647;
			files = (
				70B8984F2781CC160033E2B6 /* VIPAuthApi.docc in Sources */,
				70B899E52781D8650033E2B6 /* AuthProducts.swift in Sources */,
			);
			runOnlyForDeploymentPostprocessing = 0;
		};
		70B898502781CC160033E2B6 /* Sources */ = {
			isa = PBXSourcesBuildPhase;
			buildActionMask = 2147483647;
			files = (
				70B8985A2781CC160033E2B6 /* VIPAuthApiTests.swift in Sources */,
			);
			runOnlyForDeploymentPostprocessing = 0;
		};
/* End PBXSourcesBuildPhase section */

/* Begin PBXTargetDependency section */
		70B898572781CC160033E2B6 /* PBXTargetDependency */ = {
			isa = PBXTargetDependency;
			target = 70B898492781CC160033E2B6 /* VIPAuthApi */;
			targetProxy = 70B898562781CC160033E2B6 /* PBXContainerItemProxy */;
		};
/* End PBXTargetDependency section */

/* Begin XCBuildConfiguration section */
		70B8985C2781CC160033E2B6 /* Debug */ = {
			isa = XCBuildConfiguration;
			buildSettings = {
				ALWAYS_SEARCH_USER_PATHS = NO;
				CLANG_ANALYZER_NONNULL = YES;
				CLANG_ANALYZER_NUMBER_OBJECT_CONVERSION = YES_AGGRESSIVE;
				CLANG_CXX_LANGUAGE_STANDARD = "gnu++17";
				CLANG_CXX_LIBRARY = "libc++";
				CLANG_ENABLE_MODULES = YES;
				CLANG_ENABLE_OBJC_ARC = YES;
				CLANG_ENABLE_OBJC_WEAK = YES;
				CLANG_WARN_BLOCK_CAPTURE_AUTORELEASING = YES;
				CLANG_WARN_BOOL_CONVERSION = YES;
				CLANG_WARN_COMMA = YES;
				CLANG_WARN_CONSTANT_CONVERSION = YES;
				CLANG_WARN_DEPRECATED_OBJC_IMPLEMENTATIONS = YES;
				CLANG_WARN_DIRECT_OBJC_ISA_USAGE = YES_ERROR;
				CLANG_WARN_DOCUMENTATION_COMMENTS = YES;
				CLANG_WARN_EMPTY_BODY = YES;
				CLANG_WARN_ENUM_CONVERSION = YES;
				CLANG_WARN_INFINITE_RECURSION = YES;
				CLANG_WARN_INT_CONVERSION = YES;
				CLANG_WARN_NON_LITERAL_NULL_CONVERSION = YES;
				CLANG_WARN_OBJC_IMPLICIT_RETAIN_SELF = YES;
				CLANG_WARN_OBJC_LITERAL_CONVERSION = YES;
				CLANG_WARN_OBJC_ROOT_CLASS = YES_ERROR;
				CLANG_WARN_QUOTED_INCLUDE_IN_FRAMEWORK_HEADER = YES;
				CLANG_WARN_RANGE_LOOP_ANALYSIS = YES;
				CLANG_WARN_STRICT_PROTOTYPES = YES;
				CLANG_WARN_SUSPICIOUS_MOVE = YES;
				CLANG_WARN_UNGUARDED_AVAILABILITY = YES_AGGRESSIVE;
				CLANG_WARN_UNREACHABLE_CODE = YES;
				CLANG_WARN__DUPLICATE_METHOD_MATCH = YES;
				COPY_PHASE_STRIP = NO;
				CURRENT_PROJECT_VERSION = 1;
				DEBUG_INFORMATION_FORMAT = dwarf;
				ENABLE_STRICT_OBJC_MSGSEND = YES;
				ENABLE_TESTABILITY = YES;
				GCC_C_LANGUAGE_STANDARD = gnu11;
				GCC_DYNAMIC_NO_PIC = NO;
				GCC_NO_COMMON_BLOCKS = YES;
				GCC_OPTIMIZATION_LEVEL = 0;
				GCC_PREPROCESSOR_DEFINITIONS = (
					"DEBUG=1",
					"$(inherited)",
				);
				GCC_WARN_64_TO_32_BIT_CONVERSION = YES;
				GCC_WARN_ABOUT_RETURN_TYPE = YES_ERROR;
				GCC_WARN_UNDECLARED_SELECTOR = YES;
				GCC_WARN_UNINITIALIZED_AUTOS = YES_AGGRESSIVE;
				GCC_WARN_UNUSED_FUNCTION = YES;
				GCC_WARN_UNUSED_VARIABLE = YES;
				IPHONEOS_DEPLOYMENT_TARGET = 12.0;
				MTL_ENABLE_DEBUG_INFO = INCLUDE_SOURCE;
				MTL_FAST_MATH = YES;
				ONLY_ACTIVE_ARCH = YES;
				SDKROOT = iphoneos;
				SWIFT_ACTIVE_COMPILATION_CONDITIONS = DEBUG;
				SWIFT_OPTIMIZATION_LEVEL = "-Onone";
				VERSIONING_SYSTEM = "apple-generic";
				VERSION_INFO_PREFIX = "";
			};
			name = Debug;
		};
		70B8985D2781CC160033E2B6 /* Release */ = {
			isa = XCBuildConfiguration;
			buildSettings = {
				ALWAYS_SEARCH_USER_PATHS = NO;
				CLANG_ANALYZER_NONNULL = YES;
				CLANG_ANALYZER_NUMBER_OBJECT_CONVERSION = YES_AGGRESSIVE;
				CLANG_CXX_LANGUAGE_STANDARD = "gnu++17";
				CLANG_CXX_LIBRARY = "libc++";
				CLANG_ENABLE_MODULES = YES;
				CLANG_ENABLE_OBJC_ARC = YES;
				CLANG_ENABLE_OBJC_WEAK = YES;
				CLANG_WARN_BLOCK_CAPTURE_AUTORELEASING = YES;
				CLANG_WARN_BOOL_CONVERSION = YES;
				CLANG_WARN_COMMA = YES;
				CLANG_WARN_CONSTANT_CONVERSION = YES;
				CLANG_WARN_DEPRECATED_OBJC_IMPLEMENTATIONS = YES;
				CLANG_WARN_DIRECT_OBJC_ISA_USAGE = YES_ERROR;
				CLANG_WARN_DOCUMENTATION_COMMENTS = YES;
				CLANG_WARN_EMPTY_BODY = YES;
				CLANG_WARN_ENUM_CONVERSION = YES;
				CLANG_WARN_INFINITE_RECURSION = YES;
				CLANG_WARN_INT_CONVERSION = YES;
				CLANG_WARN_NON_LITERAL_NULL_CONVERSION = YES;
				CLANG_WARN_OBJC_IMPLICIT_RETAIN_SELF = YES;
				CLANG_WARN_OBJC_LITERAL_CONVERSION = YES;
				CLANG_WARN_OBJC_ROOT_CLASS = YES_ERROR;
				CLANG_WARN_QUOTED_INCLUDE_IN_FRAMEWORK_HEADER = YES;
				CLANG_WARN_RANGE_LOOP_ANALYSIS = YES;
				CLANG_WARN_STRICT_PROTOTYPES = YES;
				CLANG_WARN_SUSPICIOUS_MOVE = YES;
				CLANG_WARN_UNGUARDED_AVAILABILITY = YES_AGGRESSIVE;
				CLANG_WARN_UNREACHABLE_CODE = YES;
				CLANG_WARN__DUPLICATE_METHOD_MATCH = YES;
				COPY_PHASE_STRIP = NO;
				CURRENT_PROJECT_VERSION = 1;
				DEBUG_INFORMATION_FORMAT = "dwarf-with-dsym";
				ENABLE_NS_ASSERTIONS = NO;
				ENABLE_STRICT_OBJC_MSGSEND = YES;
				GCC_C_LANGUAGE_STANDARD = gnu11;
				GCC_NO_COMMON_BLOCKS = YES;
				GCC_WARN_64_TO_32_BIT_CONVERSION = YES;
				GCC_WARN_ABOUT_RETURN_TYPE = YES_ERROR;
				GCC_WARN_UNDECLARED_SELECTOR = YES;
				GCC_WARN_UNINITIALIZED_AUTOS = YES_AGGRESSIVE;
				GCC_WARN_UNUSED_FUNCTION = YES;
				GCC_WARN_UNUSED_VARIABLE = YES;
				IPHONEOS_DEPLOYMENT_TARGET = 12.0;
				MTL_ENABLE_DEBUG_INFO = NO;
				MTL_FAST_MATH = YES;
				SDKROOT = iphoneos;
				SWIFT_COMPILATION_MODE = wholemodule;
				SWIFT_OPTIMIZATION_LEVEL = "-O";
				VALIDATE_PRODUCT = YES;
				VERSIONING_SYSTEM = "apple-generic";
				VERSION_INFO_PREFIX = "";
			};
			name = Release;
		};
		70B8985F2781CC160033E2B6 /* Debug */ = {
			isa = XCBuildConfiguration;
			baseConfigurationReference = 82E78B1EFD5F9B13A6DCAA6A /* Pods-VIPAuthApi.debug.xcconfig */;
			buildSettings = {
				CODE_SIGN_STYLE = Automatic;
				CURRENT_PROJECT_VERSION = 1;
				DEFINES_MODULE = YES;
				DYLIB_COMPATIBILITY_VERSION = 1;
				DYLIB_CURRENT_VERSION = 1;
				DYLIB_INSTALL_NAME_BASE = "@rpath";
				GENERATE_INFOPLIST_FILE = YES;
				INFOPLIST_KEY_NSHumanReadableCopyright = "";
				INSTALL_PATH = "$(LOCAL_LIBRARY_DIR)/Frameworks";
				LD_RUNPATH_SEARCH_PATHS = (
					"$(inherited)",
					"@executable_path/Frameworks",
					"@loader_path/Frameworks",
				);
				MARKETING_VERSION = 1.0;
				PRODUCT_BUNDLE_IDENTIFIER = com.VIPAuthApi;
				PRODUCT_NAME = "$(TARGET_NAME:c99extidentifier)";
				SKIP_INSTALL = YES;
				SWIFT_EMIT_LOC_STRINGS = YES;
				SWIFT_VERSION = 5.0;
				TARGETED_DEVICE_FAMILY = "1,2";
			};
			name = Debug;
		};
		70B898602781CC160033E2B6 /* Release */ = {
			isa = XCBuildConfiguration;
			baseConfigurationReference = BE7555986FA6A4A07F9336C9 /* Pods-VIPAuthApi.release.xcconfig */;
			buildSettings = {
				CODE_SIGN_STYLE = Automatic;
				CURRENT_PROJECT_VERSION = 1;
				DEFINES_MODULE = YES;
				DYLIB_COMPATIBILITY_VERSION = 1;
				DYLIB_CURRENT_VERSION = 1;
				DYLIB_INSTALL_NAME_BASE = "@rpath";
				GENERATE_INFOPLIST_FILE = YES;
				INFOPLIST_KEY_NSHumanReadableCopyright = "";
				INSTALL_PATH = "$(LOCAL_LIBRARY_DIR)/Frameworks";
				LD_RUNPATH_SEARCH_PATHS = (
					"$(inherited)",
					"@executable_path/Frameworks",
					"@loader_path/Frameworks",
				);
				MARKETING_VERSION = 1.0;
				PRODUCT_BUNDLE_IDENTIFIER = com.VIPAuthApi;
				PRODUCT_NAME = "$(TARGET_NAME:c99extidentifier)";
				SKIP_INSTALL = YES;
				SWIFT_EMIT_LOC_STRINGS = YES;
				SWIFT_VERSION = 5.0;
				TARGETED_DEVICE_FAMILY = "1,2";
			};
			name = Release;
		};
		70B898622781CC160033E2B6 /* Debug */ = {
			isa = XCBuildConfiguration;
			buildSettings = {
				ALWAYS_EMBED_SWIFT_STANDARD_LIBRARIES = YES;
				CODE_SIGN_STYLE = Automatic;
				CURRENT_PROJECT_VERSION = 1;
				GENERATE_INFOPLIST_FILE = YES;
				MARKETING_VERSION = 1.0;
				PRODUCT_BUNDLE_IDENTIFIER = com.VIPAuthApiTests;
				PRODUCT_NAME = "$(TARGET_NAME)";
				SWIFT_EMIT_LOC_STRINGS = NO;
				SWIFT_VERSION = 5.0;
				TARGETED_DEVICE_FAMILY = "1,2";
			};
			name = Debug;
		};
		70B898632781CC160033E2B6 /* Release */ = {
			isa = XCBuildConfiguration;
			buildSettings = {
				ALWAYS_EMBED_SWIFT_STANDARD_LIBRARIES = YES;
				CODE_SIGN_STYLE = Automatic;
				CURRENT_PROJECT_VERSION = 1;
				GENERATE_INFOPLIST_FILE = YES;
				MARKETING_VERSION = 1.0;
				PRODUCT_BUNDLE_IDENTIFIER = com.VIPAuthApiTests;
				PRODUCT_NAME = "$(TARGET_NAME)";
				SWIFT_EMIT_LOC_STRINGS = NO;
				SWIFT_VERSION = 5.0;
				TARGETED_DEVICE_FAMILY = "1,2";
			};
			name = Release;
		};
/* End XCBuildConfiguration section */

/* Begin XCConfigurationList section */
		70B898442781CC160033E2B6 /* Build configuration list for PBXProject "VIPAuthApi" */ = {
			isa = XCConfigurationList;
			buildConfigurations = (
				70B8985C2781CC160033E2B6 /* Debug */,
				70B8985D2781CC160033E2B6 /* Release */,
			);
			defaultConfigurationIsVisible = 0;
			defaultConfigurationName = Release;
		};
		70B8985E2781CC160033E2B6 /* Build configuration list for PBXNativeTarget "VIPAuthApi" */ = {
			isa = XCConfigurationList;
			buildConfigurations = (
				70B8985F2781CC160033E2B6 /* Debug */,
				70B898602781CC160033E2B6 /* Release */,
			);
			defaultConfigurationIsVisible = 0;
			defaultConfigurationName = Release;
		};
		70B898612781CC160033E2B6 /* Build configuration list for PBXNativeTarget "VIPAuthApiTests" */ = {
			isa = XCConfigurationList;
			buildConfigurations = (
				70B898622781CC160033E2B6 /* Debug */,
				70B898632781CC160033E2B6 /* Release */,
			);
			defaultConfigurationIsVisible = 0;
			defaultConfigurationName = Release;
		};
/* End XCConfigurationList section */
	};
	rootObject = 70B898412781CC160033E2B6 /* Project object */;
}
