PODS:
  - AppsRouter (0.0.2):
    - Swinject
  - Swinject (2.8.1)

DEPENDENCIES:
  - AppsRouter (from `https://github.com/arimunandar/AppsRouter.git`, branch `master`)

SPEC REPOS:
  trunk:
    - Swinject

EXTERNAL SOURCES:
  AppsRouter:
    :branch: master
    :git: https://github.com/arimunandar/AppsRouter.git

CHECKOUT OPTIONS:
  AppsRouter:
    :commit: 6f9ec691eb3297fefcfebcccf5a6235c67d15ff0
    :git: https://github.com/arimunandar/AppsRouter.git

SPEC CHECKSUMS:
  AppsRouter: f4253a30ce9a11755c36cc9844caa63771f731da
  Swinject: 97112918bd7e0785dc2df7036213f3c8cbba6586

PODFILE CHECKSUM: dec67eed7de2313c8fc633524742080e9888b82e

COCOAPODS: 1.11.2
